
Microsoft Visual Studio Solution File, Format Version 12.00
# Visual Studio Version 17
VisualStudioVersion = 17.0.31903.59
MinimumVisualStudioVersion = 10.0.40219.1
Project("{FAE04EC0-301F-11D3-BF4B-00C04F79EFBC}") = "linksVtais.Core", "linksVtais.Core\linksVtais.Core.csproj", "{02104D88-F316-4ED0-8F5F-922B0D4F2D9D}"
EndProject
Project("{FAE04EC0-301F-11D3-BF4B-00C04F79EFBC}") = "linksVtais.We", "linksVtais.We\linksVtais.We.csproj", "{83A8C6D3-8611-439B-968A-3F8FA02384E4}"
EndProject
Project("{FAE04EC0-301F-11D3-BF4B-00C04F79EFBC}") = "linksVtais.Api", "linksVtais.Api\linksVtais.Api.csproj", "{4076BBA4-6075-4049-B8EE-D706E84F0D80}"
EndProject
Global
	GlobalSection(SolutionConfigurationPlatforms) = preSolution
		Debug|Any CPU = Debug|Any CPU
		Release|Any CPU = Release|Any CPU
	EndGlobalSection
	GlobalSection(SolutionProperties) = preSolution
		HideSolutionNode = FALSE
	EndGlobalSection
	GlobalSection(ProjectConfigurationPlatforms) = postSolution
		{02104D88-F316-4ED0-8F5F-922B0D4F2D9D}.Debug|Any CPU.ActiveCfg = Debug|Any CPU
		{02104D88-F316-4ED0-8F5F-922B0D4F2D9D}.Debug|Any CPU.Build.0 = Debug|Any CPU
		{02104D88-F316-4ED0-8F5F-922B0D4F2D9D}.Release|Any CPU.ActiveCfg = Release|Any CPU
		{02104D88-F316-4ED0-8F5F-922B0D4F2D9D}.Release|Any CPU.Build.0 = Release|Any CPU
		{83A8C6D3-8611-439B-968A-3F8FA02384E4}.Debug|Any CPU.ActiveCfg = Debug|Any CPU
		{83A8C6D3-8611-439B-968A-3F8FA02384E4}.Debug|Any CPU.Build.0 = Debug|Any CPU
		{83A8C6D3-8611-439B-968A-3F8FA02384E4}.Release|Any CPU.ActiveCfg = Release|Any CPU
		{83A8C6D3-8611-439B-968A-3F8FA02384E4}.Release|Any CPU.Build.0 = Release|Any CPU
		{4076BBA4-6075-4049-B8EE-D706E84F0D80}.Debug|Any CPU.ActiveCfg = Debug|Any CPU
		{4076BBA4-6075-4049-B8EE-D706E84F0D80}.Debug|Any CPU.Build.0 = Debug|Any CPU
		{4076BBA4-6075-4049-B8EE-D706E84F0D80}.Release|Any CPU.ActiveCfg = Release|Any CPU
		{4076BBA4-6075-4049-B8EE-D706E84F0D80}.Release|Any CPU.Build.0 = Release|Any CPU
	EndGlobalSection
EndGlobal
